{
  "name": "Projeto final",
  "lockfileVersion": 2,
  "requires": true,
  "packages": {
    "": {
      "dependencies": {
        "decouple": "^1.0.1"
      }
    },
    "node_modules/decouple": {
      "version": "1.0.1",
      "resolved": "https://registry.npmjs.org/decouple/-/decouple-1.0.1.tgz",
      "integrity": "sha512-em85Xq3tSzhd+fei/ioROw6WoJnMmrzAtorHTmzJey+/D2kkZZjy3A37yCTn8iHTSdPgIdMfCfq9oqQZwBwhJA=="
    }
  },
  "dependencies": {
    "decouple": {
      "version": "1.0.1",
      "resolved": "https://registry.npmjs.org/decouple/-/decouple-1.0.1.tgz",
      "integrity": "sha512-em85Xq3tSzhd+fei/ioROw6WoJnMmrzAtorHTmzJey+/D2kkZZjy3A37yCTn8iHTSdPgIdMfCfq9oqQZwBwhJA=="
    }
  }
}
